
Microsoft Visual Studio Solution File, Format Version 12.00
# Visual Studio Version 17
VisualStudioVersion = 17.2.32616.157
MinimumVisualStudioVersion = 10.0.40219.1
Project("{FAE04EC0-301F-11D3-BF4B-00C04F79EFBC}") = "StudentPortalApp", "StudentPortalApp\StudentPortalApp.csproj", "{209C594B-7064-4DF4-AFEA-15CE352B13E1}"
EndProject
Global
	GlobalSection(SolutionConfigurationPlatforms) = preSolution
		Debug|Any CPU = Debug|Any CPU
		Release|Any CPU = Release|Any CPU
	EndGlobalSection
	GlobalSection(ProjectConfigurationPlatforms) = postSolution
		{209C594B-7064-4DF4-AFEA-15CE352B13E1}.Debug|Any CPU.ActiveCfg = Debug|Any CPU
		{209C594B-7064-4DF4-AFEA-15CE352B13E1}.Debug|Any CPU.Build.0 = Debug|Any CPU
		{209C594B-7064-4DF4-AFEA-15CE352B13E1}.Release|Any CPU.ActiveCfg = Release|Any CPU
		{209C594B-7064-4DF4-AFEA-15CE352B13E1}.Release|Any CPU.Build.0 = Release|Any CPU
	EndGlobalSection
	GlobalSection(SolutionProperties) = preSolution
		HideSolutionNode = FALSE
	EndGlobalSection
	GlobalSection(ExtensibilityGlobals) = postSolution
		SolutionGuid = {5A5A1279-03BE-45C3-A5EF-3D8E53F89D69}
	EndGlobalSection
EndGlobal
